
Microsoft Visual Studio Solution File, Format Version 12.00
# Visual Studio Version 16
VisualStudioVersion = 16.0.32510.428
MinimumVisualStudioVersion = 10.0.40219.1
Project("{FAE04EC0-301F-11D3-BF4B-00C04F79EFBC}") = "Color Mixer", "Color Mixer.csproj", "{5C271A78-AE8C-47E2-964D-B7E18C76F1C0}"
EndProject
Global
	GlobalSection(SolutionConfigurationPlatforms) = preSolution
		Debug|Any CPU = Debug|Any CPU
		Release|Any CPU = Release|Any CPU
	EndGlobalSection
	GlobalSection(ProjectConfigurationPlatforms) = postSolution
		{5C271A78-AE8C-47E2-964D-B7E18C76F1C0}.Debug|Any CPU.ActiveCfg = Debug|Any CPU
		{5C271A78-AE8C-47E2-964D-B7E18C76F1C0}.Debug|Any CPU.Build.0 = Debug|Any CPU
		{5C271A78-AE8C-47E2-964D-B7E18C76F1C0}.Release|Any CPU.ActiveCfg = Release|Any CPU
		{5C271A78-AE8C-47E2-964D-B7E18C76F1C0}.Release|Any CPU.Build.0 = Release|Any CPU
	EndGlobalSection
	GlobalSection(SolutionProperties) = preSolution
		HideSolutionNode = FALSE
	EndGlobalSection
	GlobalSection(ExtensibilityGlobals) = postSolution
		SolutionGuid = {E080EC69-518C-46A1-8C06-2E609D86798E}
	EndGlobalSection
EndGlobal
